# This file is @generated by PDM.
# It is not intended for manual editing.

[metadata]
groups = ["default"]
cross_platform = true
static_urls = false
lock_version = "4.3"
content_hash = "sha256:724a713099998423c5e5b91409f9442f47d7fe0f7ef04b48d2e104f3548a22f6"

[[package]]
name = "asgiref"
version = "3.7.2"
requires_python = ">=3.7"
summary = "ASGI specs, helper code, and adapters"
dependencies = [
    "typing-extensions>=4; python_version < \"3.11\"",
]
files = [
    {file = "asgiref-3.7.2-py3-none-any.whl", hash = "sha256:89b2ef2247e3b562a16eef663bc0e2e703ec6468e2fa8a5cd61cd449786d4f6e"},
    {file = "asgiref-3.7.2.tar.gz", hash = "sha256:9e0ce3aa93a819ba5b45120216b23878cf6e8525eb3848653452b4192b92afed"},
]

[[package]]
name = "attrs"
version = "23.1.0"
requires_python = ">=3.7"
summary = "Classes Without Boilerplate"
files = [
    {file = "attrs-23.1.0-py3-none-any.whl", hash = "sha256:1f28b4522cdc2fb4256ac1a020c78acf9cba2c6b461ccd2c126f3aa8e8335d04"},
    {file = "attrs-23.1.0.tar.gz", hash = "sha256:6279836d581513a26f1bf235f9acd333bc9115683f14f7e8fae46c98fc50e015"},
]

[[package]]
name = "django"
version = "4.2.4"
requires_python = ">=3.8"
summary = "A high-level Python web framework that encourages rapid development and clean, pragmatic design."
dependencies = [
    "asgiref<4,>=3.6.0",
    "sqlparse>=0.3.1",
    "tzdata; sys_platform == \"win32\"",
]
files = [
    {file = "Django-4.2.4-py3-none-any.whl", hash = "sha256:860ae6a138a238fc4f22c99b52f3ead982bb4b1aad8c0122bcd8c8a3a02e409d"},
    {file = "Django-4.2.4.tar.gz", hash = "sha256:7e4225ec065e0f354ccf7349a22d209de09cc1c074832be9eb84c51c1799c432"},
]

[[package]]
name = "djangorestframework"
version = "3.14.0"
requires_python = ">=3.6"
summary = "Web APIs for Django, made easy."
dependencies = [
    "django>=3.0",
    "pytz",
]
files = [
    {file = "djangorestframework-3.14.0-py3-none-any.whl", hash = "sha256:eb63f58c9f218e1a7d064d17a70751f528ed4e1d35547fdade9aaf4cd103fd08"},
    {file = "djangorestframework-3.14.0.tar.gz", hash = "sha256:579a333e6256b09489cbe0a067e66abe55c6595d8926be6b99423786334350c8"},
]

[[package]]
name = "drf-spectacular"
version = "0.26.4"
requires_python = ">=3.6"
summary = "Sane and flexible OpenAPI 3 schema generation for Django REST framework"
dependencies = [
    "Django>=2.2",
    "PyYAML>=5.1",
    "djangorestframework>=3.10.3",
    "inflection>=0.3.1",
    "jsonschema>=2.6.0",
    "uritemplate>=2.0.0",
]
files = [
    {file = "drf-spectacular-0.26.4.tar.gz", hash = "sha256:8f5a8f87353d1bb8dcb3f3909b7109b2dcbe1d91f3e069409cf322963e140bd6"},
    {file = "drf_spectacular-0.26.4-py3-none-any.whl", hash = "sha256:afeccc6533dcdb4e78afbfcc49f3c5e9c369aeb62f965e4d1a43b165449c147a"},
]

[[package]]
name = "inflection"
version = "0.5.1"
requires_python = ">=3.5"
summary = "A port of Ruby on Rails inflector to Python"
files = [
    {file = "inflection-0.5.1-py2.py3-none-any.whl", hash = "sha256:f38b2b640938a4f35ade69ac3d053042959b62a0f1076a5bbaa1b9526605a8a2"},
    {file = "inflection-0.5.1.tar.gz", hash = "sha256:1a29730d366e996aaacffb2f1f1cb9593dc38e2ddd30c91250c6dde09ea9b417"},
]

[[package]]
name = "jsonschema"
version = "4.19.0"
requires_python = ">=3.8"
summary = "An implementation of JSON Schema validation for Python"
dependencies = [
    "attrs>=22.2.0",
    "jsonschema-specifications>=2023.03.6",
    "referencing>=0.28.4",
    "rpds-py>=0.7.1",
]
files = [
    {file = "jsonschema-4.19.0-py3-none-any.whl", hash = "sha256:043dc26a3845ff09d20e4420d6012a9c91c9aa8999fa184e7efcfeccb41e32cb"},
    {file = "jsonschema-4.19.0.tar.gz", hash = "sha256:6e1e7569ac13be8139b2dd2c21a55d350066ee3f80df06c608b398cdc6f30e8f"},
]

[[package]]
name = "jsonschema-specifications"
version = "2023.7.1"
requires_python = ">=3.8"
summary = "The JSON Schema meta-schemas and vocabularies, exposed as a Registry"
dependencies = [
    "referencing>=0.28.0",
]
files = [
    {file = "jsonschema_specifications-2023.7.1-py3-none-any.whl", hash = "sha256:05adf340b659828a004220a9613be00fa3f223f2b82002e273dee62fd50524b1"},
    {file = "jsonschema_specifications-2023.7.1.tar.gz", hash = "sha256:c91a50404e88a1f6ba40636778e2ee08f6e24c5613fe4c53ac24578a5a7f72bb"},
]

[[package]]
name = "pillow"
version = "10.0.0"
requires_python = ">=3.8"
summary = "Python Imaging Library (Fork)"
files = [
    {file = "Pillow-10.0.0-cp310-cp310-macosx_10_10_x86_64.whl", hash = "sha256:1f62406a884ae75fb2f818694469519fb685cc7eaff05d3451a9ebe55c646891"},
    {file = "Pillow-10.0.0-cp310-cp310-macosx_11_0_arm64.whl", hash = "sha256:d5db32e2a6ccbb3d34d87c87b432959e0db29755727afb37290e10f6e8e62614"},
    {file = "Pillow-10.0.0-cp310-cp310-manylinux_2_17_aarch64.manylinux2014_aarch64.whl", hash = "sha256:edf4392b77bdc81f36e92d3a07a5cd072f90253197f4a52a55a8cec48a12483b"},
    {file = "Pillow-10.0.0-cp310-cp310-manylinux_2_17_x86_64.manylinux2014_x86_64.whl", hash = "sha256:520f2a520dc040512699f20fa1c363eed506e94248d71f85412b625026f6142c"},
    {file = "Pillow-10.0.0-cp310-cp310-manylinux_2_28_aarch64.whl", hash = "sha256:8c11160913e3dd06c8ffdb5f233a4f254cb449f4dfc0f8f4549eda9e542c93d1"},
    {file = "Pillow-10.0.0-cp310-cp310-manylinux_2_28_x86_64.whl", hash = "sha256:a74ba0c356aaa3bb8e3eb79606a87669e7ec6444be352870623025d75a14a2bf"},
    {file = "Pillow-10.0.0-cp310-cp310-musllinux_1_1_aarch64.whl", hash = "sha256:d5d0dae4cfd56969d23d94dc8e89fb6a217be461c69090768227beb8ed28c0a3"},
    {file = "Pillow-10.0.0-cp310-cp310-musllinux_1_1_x86_64.whl", hash = "sha256:22c10cc517668d44b211717fd9775799ccec4124b9a7f7b3635fc5386e584992"},
    {file = "Pillow-10.0.0-cp310-cp310-win_amd64.whl", hash = "sha256:dffe31a7f47b603318c609f378ebcd57f1554a3a6a8effbc59c3c69f804296de"},
    {file = "Pillow-10.0.0-cp311-cp311-macosx_10_10_x86_64.whl", hash = "sha256:9fb218c8a12e51d7ead2a7c9e101a04982237d4855716af2e9499306728fb485"},
    {file = "Pillow-10.0.0-cp311-cp311-macosx_11_0_arm64.whl", hash = "sha256:d35e3c8d9b1268cbf5d3670285feb3528f6680420eafe35cccc686b73c1e330f"},
    {file = "Pillow-10.0.0-cp311-cp311-manylinux_2_17_aarch64.manylinux2014_aarch64.whl", hash = "sha256:3ed64f9ca2f0a95411e88a4efbd7a29e5ce2cea36072c53dd9d26d9c76f753b3"},
    {file = "Pillow-10.0.0-cp311-cp311-manylinux_2_17_x86_64.manylinux2014_x86_64.whl", hash = "sha256:0b6eb5502f45a60a3f411c63187db83a3d3107887ad0d036c13ce836f8a36f1d"},
    {file = "Pillow-10.0.0-cp311-cp311-manylinux_2_28_aarch64.whl", hash = "sha256:c1fbe7621c167ecaa38ad29643d77a9ce7311583761abf7836e1510c580bf3dd"},
    {file = "Pillow-10.0.0-cp311-cp311-manylinux_2_28_x86_64.whl", hash = "sha256:cd25d2a9d2b36fcb318882481367956d2cf91329f6892fe5d385c346c0649629"},
    {file = "Pillow-10.0.0-cp311-cp311-musllinux_1_1_aarch64.whl", hash = "sha256:3b08d4cc24f471b2c8ca24ec060abf4bebc6b144cb89cba638c720546b1cf538"},
    {file = "Pillow-10.0.0-cp311-cp311-musllinux_1_1_x86_64.whl", hash = "sha256:d737a602fbd82afd892ca746392401b634e278cb65d55c4b7a8f48e9ef8d008d"},
    {file = "Pillow-10.0.0-cp311-cp311-win_amd64.whl", hash = "sha256:3a82c40d706d9aa9734289740ce26460a11aeec2d9c79b7af87bb35f0073c12f"},
    {file = "Pillow-10.0.0-cp311-cp311-win_arm64.whl", hash = "sha256:bc2ec7c7b5d66b8ec9ce9f720dbb5fa4bace0f545acd34870eff4a369b44bf37"},
    {file = "Pillow-10.0.0-cp312-cp312-macosx_10_10_x86_64.whl", hash = "sha256:d80cf684b541685fccdd84c485b31ce73fc5c9b5d7523bf1394ce134a60c6883"},
    {file = "Pillow-10.0.0-cp312-cp312-macosx_11_0_arm64.whl", hash = "sha256:76de421f9c326da8f43d690110f0e79fe3ad1e54be811545d7d91898b4c8493e"},
    {file = "Pillow-10.0.0-cp312-cp312-manylinux_2_17_aarch64.manylinux2014_aarch64.whl", hash = "sha256:81ff539a12457809666fef6624684c008e00ff6bf455b4b89fd00a140eecd640"},
    {file = "Pillow-10.0.0-cp312-cp312-manylinux_2_17_x86_64.manylinux2014_x86_64.whl", hash = "sha256:ce543ed15570eedbb85df19b0a1a7314a9c8141a36ce089c0a894adbfccb4568"},
    {file = "Pillow-10.0.0-cp312-cp312-manylinux_2_28_aarch64.whl", hash = "sha256:685ac03cc4ed5ebc15ad5c23bc555d68a87777586d970c2c3e216619a5476223"},
    {file = "Pillow-10.0.0-cp312-cp312-manylinux_2_28_x86_64.whl", hash = "sha256:d72e2ecc68a942e8cf9739619b7f408cc7b272b279b56b2c83c6123fcfa5cdff"},
    {file = "Pillow-10.0.0-cp312-cp312-musllinux_1_1_aarch64.whl", hash = "sha256:d50b6aec14bc737742ca96e85d6d0a5f9bfbded018264b3b70ff9d8c33485551"},
    {file = "Pillow-10.0.0-cp312-cp312-musllinux_1_1_x86_64.whl", hash = "sha256:00e65f5e822decd501e374b0650146063fbb30a7264b4d2744bdd7b913e0cab5"},
    {file = "Pillow-10.0.0-cp312-cp312-win_amd64.whl", hash = "sha256:f31f9fdbfecb042d046f9d91270a0ba28368a723302786c0009ee9b9f1f60199"},
    {file = "Pillow-10.0.0-cp312-cp312-win_arm64.whl", hash = "sha256:1ce91b6ec08d866b14413d3f0bbdea7e24dfdc8e59f562bb77bc3fe60b6144ca"},
    {file = "Pillow-10.0.0-pp310-pypy310_pp73-macosx_10_10_x86_64.whl", hash = "sha256:92be919bbc9f7d09f7ae343c38f5bb21c973d2576c1d45600fce4b74bafa7ac0"},
    {file = "Pillow-10.0.0-pp310-pypy310_pp73-manylinux_2_17_x86_64.manylinux2014_x86_64.whl", hash = "sha256:8f8182b523b2289f7c415f589118228d30ac8c355baa2f3194ced084dac2dbba"},
    {file = "Pillow-10.0.0-pp310-pypy310_pp73-manylinux_2_28_x86_64.whl", hash = "sha256:38250a349b6b390ee6047a62c086d3817ac69022c127f8a5dc058c31ccef17f3"},
    {file = "Pillow-10.0.0-pp310-pypy310_pp73-win_amd64.whl", hash = "sha256:88af2003543cc40c80f6fca01411892ec52b11021b3dc22ec3bc9d5afd1c5334"},
    {file = "Pillow-10.0.0-pp39-pypy39_pp73-macosx_10_10_x86_64.whl", hash = "sha256:c189af0545965fa8d3b9613cfdb0cd37f9d71349e0f7750e1fd704648d475ed2"},
    {file = "Pillow-10.0.0-pp39-pypy39_pp73-manylinux_2_17_x86_64.manylinux2014_x86_64.whl", hash = "sha256:ce7b031a6fc11365970e6a5686d7ba8c63e4c1cf1ea143811acbb524295eabed"},
    {file = "Pillow-10.0.0-pp39-pypy39_pp73-manylinux_2_28_x86_64.whl", hash = "sha256:db24668940f82321e746773a4bc617bfac06ec831e5c88b643f91f122a785684"},
    {file = "Pillow-10.0.0-pp39-pypy39_pp73-win_amd64.whl", hash = "sha256:efe8c0681042536e0d06c11f48cebe759707c9e9abf880ee213541c5b46c5bf3"},
    {file = "Pillow-10.0.0.tar.gz", hash = "sha256:9c82b5b3e043c7af0d95792d0d20ccf68f61a1fec6b3530e718b688422727396"},
]

[[package]]
name = "python-magic"
version = "0.4.27"
requires_python = ">=2.7, !=3.0.*, !=3.1.*, !=3.2.*, !=3.3.*, !=3.4.*"
summary = "File type identification using libmagic"
files = [
    {file = "python-magic-0.4.27.tar.gz", hash = "sha256:c1ba14b08e4a5f5c31a302b7721239695b2f0f058d125bd5ce1ee36b9d9d3c3b"},
    {file = "python_magic-0.4.27-py2.py3-none-any.whl", hash = "sha256:c212960ad306f700aa0d01e5d7a325d20548ff97eb9920dcd29513174f0294d3"},
]

[[package]]
name = "pytz"
version = "2023.3"
summary = "World timezone definitions, modern and historical"
files = [
    {file = "pytz-2023.3-py2.py3-none-any.whl", hash = "sha256:a151b3abb88eda1d4e34a9814df37de2a80e301e68ba0fd856fb9b46bfbbbffb"},
    {file = "pytz-2023.3.tar.gz", hash = "sha256:1d8ce29db189191fb55338ee6d0387d82ab59f3d00eac103412d64e0ebd0c588"},
]

[[package]]
name = "pyyaml"
version = "6.0.1"
requires_python = ">=3.6"
summary = "YAML parser and emitter for Python"
files = [
    {file = "PyYAML-6.0.1-cp310-cp310-macosx_10_9_x86_64.whl", hash = "sha256:d858aa552c999bc8a8d57426ed01e40bef403cd8ccdd0fc5f6f04a00414cac2a"},
    {file = "PyYAML-6.0.1-cp310-cp310-macosx_11_0_arm64.whl", hash = "sha256:fd66fc5d0da6d9815ba2cebeb4205f95818ff4b79c3ebe268e75d961704af52f"},
    {file = "PyYAML-6.0.1-cp310-cp310-manylinux_2_17_aarch64.manylinux2014_aarch64.whl", hash = "sha256:69b023b2b4daa7548bcfbd4aa3da05b3a74b772db9e23b982788168117739938"},
    {file = "PyYAML-6.0.1-cp310-cp310-manylinux_2_17_s390x.manylinux2014_s390x.whl", hash = "sha256:81e0b275a9ecc9c0c0c07b4b90ba548307583c125f54d5b6946cfee6360c733d"},
    {file = "PyYAML-6.0.1-cp310-cp310-manylinux_2_17_x86_64.manylinux2014_x86_64.whl", hash = "sha256:ba336e390cd8e4d1739f42dfe9bb83a3cc2e80f567d8805e11b46f4a943f5515"},
    {file = "PyYAML-6.0.1-cp310-cp310-musllinux_1_1_x86_64.whl", hash = "sha256:326c013efe8048858a6d312ddd31d56e468118ad4cdeda36c719bf5bb6192290"},
    {file = "PyYAML-6.0.1-cp310-cp310-win32.whl", hash = "sha256:bd4af7373a854424dabd882decdc5579653d7868b8fb26dc7d0e99f823aa5924"},
    {file = "PyYAML-6.0.1-cp310-cp310-win_amd64.whl", hash = "sha256:fd1592b3fdf65fff2ad0004b5e363300ef59ced41c2e6b3a99d4089fa8c5435d"},
    {file = "PyYAML-6.0.1-cp311-cp311-macosx_10_9_x86_64.whl", hash = "sha256:6965a7bc3cf88e5a1c3bd2e0b5c22f8d677dc88a455344035f03399034eb3007"},
    {file = "PyYAML-6.0.1-cp311-cp311-macosx_11_0_arm64.whl", hash = "sha256:f003ed9ad21d6a4713f0a9b5a7a0a79e08dd0f221aff4525a2be4c346ee60aab"},
    {file = "PyYAML-6.0.1-cp311-cp311-manylinux_2_17_aarch64.manylinux2014_aarch64.whl", hash = "sha256:42f8152b8dbc4fe7d96729ec2b99c7097d656dc1213a3229ca5383f973a5ed6d"},
    {file = "PyYAML-6.0.1-cp311-cp311-manylinux_2_17_s390x.manylinux2014_s390x.whl", hash = "sha256:062582fca9fabdd2c8b54a3ef1c978d786e0f6b3a1510e0ac93ef59e0ddae2bc"},
    {file = "PyYAML-6.0.1-cp311-cp311-manylinux_2_17_x86_64.manylinux2014_x86_64.whl", hash = "sha256:d2b04aac4d386b172d5b9692e2d2da8de7bfb6c387fa4f801fbf6fb2e6ba4673"},
    {file = "PyYAML-6.0.1-cp311-cp311-musllinux_1_1_x86_64.whl", hash = "sha256:e7d73685e87afe9f3b36c799222440d6cf362062f78be1013661b00c5c6f678b"},
    {file = "PyYAML-6.0.1-cp311-cp311-win32.whl", hash = "sha256:1635fd110e8d85d55237ab316b5b011de701ea0f29d07611174a1b42f1444741"},
    {file = "PyYAML-6.0.1-cp311-cp311-win_amd64.whl", hash = "sha256:bf07ee2fef7014951eeb99f56f39c9bb4af143d8aa3c21b1677805985307da34"},
    {file = "PyYAML-6.0.1-cp312-cp312-macosx_10_9_x86_64.whl", hash = "sha256:855fb52b0dc35af121542a76b9a84f8d1cd886ea97c84703eaa6d88e37a2ad28"},
    {file = "PyYAML-6.0.1-cp312-cp312-macosx_11_0_arm64.whl", hash = "sha256:40df9b996c2b73138957fe23a16a4f0ba614f4c0efce1e9406a184b6d07fa3a9"},
    {file = "PyYAML-6.0.1-cp312-cp312-manylinux_2_17_x86_64.manylinux2014_x86_64.whl", hash = "sha256:6c22bec3fbe2524cde73d7ada88f6566758a8f7227bfbf93a408a9d86bcc12a0"},
    {file = "PyYAML-6.0.1-cp312-cp312-musllinux_1_1_x86_64.whl", hash = "sha256:8d4e9c88387b0f5c7d5f281e55304de64cf7f9c0021a3525bd3b1c542da3b0e4"},
    {file = "PyYAML-6.0.1-cp312-cp312-win32.whl", hash = "sha256:d483d2cdf104e7c9fa60c544d92981f12ad66a457afae824d146093b8c294c54"},
    {file = "PyYAML-6.0.1-cp312-cp312-win_amd64.whl", hash = "sha256:0d3304d8c0adc42be59c5f8a4d9e3d7379e6955ad754aa9d6ab7a398b59dd1df"},
    {file = "PyYAML-6.0.1.tar.gz", hash = "sha256:bfdf460b1736c775f2ba9f6a92bca30bc2095067b8a9d77876d1fad6cc3b4a43"},
]

[[package]]
name = "referencing"
version = "0.30.2"
requires_python = ">=3.8"
summary = "JSON Referencing + Python"
dependencies = [
    "attrs>=22.2.0",
    "rpds-py>=0.7.0",
]
files = [
    {file = "referencing-0.30.2-py3-none-any.whl", hash = "sha256:449b6669b6121a9e96a7f9e410b245d471e8d48964c67113ce9afe50c8dd7bdf"},
    {file = "referencing-0.30.2.tar.gz", hash = "sha256:794ad8003c65938edcdbc027f1933215e0d0ccc0291e3ce20a4d87432b59efc0"},
]

[[package]]
name = "rpds-py"
version = "0.10.0"
requires_python = ">=3.8"
summary = "Python bindings to Rust's persistent data structures (rpds)"
files = [
    {file = "rpds_py-0.10.0-cp310-cp310-macosx_10_7_x86_64.whl", hash = "sha256:c1e0e9916301e3b3d970814b1439ca59487f0616d30f36a44cead66ee1748c31"},
    {file = "rpds_py-0.10.0-cp310-cp310-macosx_11_0_arm64.whl", hash = "sha256:8ce8caa29ebbdcde67e5fd652c811d34bc01f249dbc0d61e5cc4db05ae79a83b"},
    {file = "rpds_py-0.10.0-cp310-cp310-manylinux_2_17_aarch64.manylinux2014_aarch64.whl", hash = "sha256:ad277f74b1c164f7248afa968700e410651eb858d7c160d109fb451dc45a2f09"},
    {file = "rpds_py-0.10.0-cp310-cp310-manylinux_2_17_armv7l.manylinux2014_armv7l.whl", hash = "sha256:8e1c68303ccf7fceb50fbab79064a2636119fd9aca121f28453709283dbca727"},
    {file = "rpds_py-0.10.0-cp310-cp310-manylinux_2_17_ppc64le.manylinux2014_ppc64le.whl", hash = "sha256:780fcb855be29153901c67fc9c5633d48aebef21b90aa72812fa181d731c6b00"},
    {file = "rpds_py-0.10.0-cp310-cp310-manylinux_2_17_s390x.manylinux2014_s390x.whl", hash = "sha256:bbd7b24d108509a1b9b6679fcc1166a7dd031dbef1f3c2c73788f42e3ebb3beb"},
    {file = "rpds_py-0.10.0-cp310-cp310-manylinux_2_17_x86_64.manylinux2014_x86_64.whl", hash = "sha256:0700c2133ba203c4068aaecd6a59bda22e06a5e46255c9da23cbf68c6942215d"},
    {file = "rpds_py-0.10.0-cp310-cp310-manylinux_2_5_i686.manylinux1_i686.whl", hash = "sha256:576da63eae7809f375932bfcbca2cf20620a1915bf2fedce4b9cc8491eceefe3"},
    {file = "rpds_py-0.10.0-cp310-cp310-musllinux_1_2_aarch64.whl", hash = "sha256:23750a9b8a329844ba1fe267ca456bb3184984da2880ed17ae641c5af8de3fef"},
    {file = "rpds_py-0.10.0-cp310-cp310-musllinux_1_2_i686.whl", hash = "sha256:d08395595c42bcd82c3608762ce734504c6d025eef1c06f42326a6023a584186"},
    {file = "rpds_py-0.10.0-cp310-cp310-musllinux_1_2_x86_64.whl", hash = "sha256:1d7b7b71bcb82d8713c7c2e9c5f061415598af5938666beded20d81fa23e7640"},
    {file = "rpds_py-0.10.0-cp310-none-win32.whl", hash = "sha256:97f5811df21703446b42303475b8b855ee07d6ab6cdf8565eff115540624f25d"},
    {file = "rpds_py-0.10.0-cp310-none-win_amd64.whl", hash = "sha256:cdbed8f21204398f47de39b0a9b180d7e571f02dfb18bf5f1b618e238454b685"},
    {file = "rpds_py-0.10.0-cp311-cp311-macosx_10_7_x86_64.whl", hash = "sha256:7a3a3d3e4f1e3cd2a67b93a0b6ed0f2499e33f47cc568e3a0023e405abdc0ff1"},
    {file = "rpds_py-0.10.0-cp311-cp311-macosx_11_0_arm64.whl", hash = "sha256:fc72ae476732cdb7b2c1acb5af23b478b8a0d4b6fcf19b90dd150291e0d5b26b"},
    {file = "rpds_py-0.10.0-cp311-cp311-manylinux_2_17_aarch64.manylinux2014_aarch64.whl", hash = "sha256:c0583f69522732bdd79dca4cd3873e63a29acf4a299769c7541f2ca1e4dd4bc6"},
    {file = "rpds_py-0.10.0-cp311-cp311-manylinux_2_17_armv7l.manylinux2014_armv7l.whl", hash = "sha256:f8b9a7cd381970e64849070aca7c32d53ab7d96c66db6c2ef7aa23c6e803f514"},
    {file = "rpds_py-0.10.0-cp311-cp311-manylinux_2_17_ppc64le.manylinux2014_ppc64le.whl", hash = "sha256:0d292cabd7c8335bdd3237ded442480a249dbcdb4ddfac5218799364a01a0f5c"},
    {file = "rpds_py-0.10.0-cp311-cp311-manylinux_2_17_s390x.manylinux2014_s390x.whl", hash = "sha256:a6903cdca64f1e301af9be424798328c1fe3b4b14aede35f04510989fc72f012"},
    {file = "rpds_py-0.10.0-cp311-cp311-manylinux_2_17_x86_64.manylinux2014_x86_64.whl", hash = "sha256:bed57543c99249ab3a4586ddc8786529fbc33309e5e8a1351802a06ca2baf4c2"},
    {file = "rpds_py-0.10.0-cp311-cp311-manylinux_2_5_i686.manylinux1_i686.whl", hash = "sha256:15932ec5f224b0e35764dc156514533a4fca52dcfda0dfbe462a1a22b37efd59"},
    {file = "rpds_py-0.10.0-cp311-cp311-musllinux_1_2_aarch64.whl", hash = "sha256:eb2d59bc196e6d3b1827c7db06c1a898bfa0787c0574af398e65ccf2e97c0fbe"},
    {file = "rpds_py-0.10.0-cp311-cp311-musllinux_1_2_i686.whl", hash = "sha256:f99d74ddf9d3b6126b509e81865f89bd1283e3fc1b568b68cd7bd9dfa15583d7"},
    {file = "rpds_py-0.10.0-cp311-cp311-musllinux_1_2_x86_64.whl", hash = "sha256:f70bec8a14a692be6dbe7ce8aab303e88df891cbd4a39af091f90b6702e28055"},
    {file = "rpds_py-0.10.0-cp311-none-win32.whl", hash = "sha256:5f7487be65b9c2c510819e744e375bd41b929a97e5915c4852a82fbb085df62c"},
    {file = "rpds_py-0.10.0-cp311-none-win_amd64.whl", hash = "sha256:748e472345c3a82cfb462d0dff998a7bf43e621eed73374cb19f307e97e08a83"},
    {file = "rpds_py-0.10.0-cp312-cp312-macosx_10_7_x86_64.whl", hash = "sha256:d4639111e73997567343df6551da9dd90d66aece1b9fc26c786d328439488103"},
    {file = "rpds_py-0.10.0-cp312-cp312-macosx_11_0_arm64.whl", hash = "sha256:f4760e1b02173f4155203054f77a5dc0b4078de7645c922b208d28e7eb99f3e2"},
    {file = "rpds_py-0.10.0-cp312-cp312-manylinux_2_17_aarch64.manylinux2014_aarch64.whl", hash = "sha256:1a6420a36975e0073acaeee44ead260c1f6ea56812cfc6c31ec00c1c48197173"},
    {file = "rpds_py-0.10.0-cp312-cp312-manylinux_2_17_armv7l.manylinux2014_armv7l.whl", hash = "sha256:58fc4d66ee349a23dbf08c7e964120dc9027059566e29cf0ce6205d590ed7eca"},
    {file = "rpds_py-0.10.0-cp312-cp312-manylinux_2_17_ppc64le.manylinux2014_ppc64le.whl", hash = "sha256:063411228b852fb2ed7485cf91f8e7d30893e69b0acb207ec349db04cccc8225"},
    {file = "rpds_py-0.10.0-cp312-cp312-manylinux_2_17_s390x.manylinux2014_s390x.whl", hash = "sha256:65af12f70355de29e1092f319f85a3467f4005e959ab65129cb697169ce94b86"},
    {file = "rpds_py-0.10.0-cp312-cp312-manylinux_2_17_x86_64.manylinux2014_x86_64.whl", hash = "sha256:298e8b5d8087e0330aac211c85428c8761230ef46a1f2c516d6a2f67fb8803c5"},
    {file = "rpds_py-0.10.0-cp312-cp312-manylinux_2_5_i686.manylinux1_i686.whl", hash = "sha256:5b9bf77008f2c55dabbd099fd3ac87009471d223a1c7ebea36873d39511b780a"},
    {file = "rpds_py-0.10.0-cp312-cp312-musllinux_1_2_aarch64.whl", hash = "sha256:c7853f27195598e550fe089f78f0732c66ee1d1f0eaae8ad081589a5a2f5d4af"},
    {file = "rpds_py-0.10.0-cp312-cp312-musllinux_1_2_i686.whl", hash = "sha256:75dbfd41a61bc1fb0536bf7b1abf272dc115c53d4d77db770cd65d46d4520882"},
    {file = "rpds_py-0.10.0-cp312-cp312-musllinux_1_2_x86_64.whl", hash = "sha256:b25136212a3d064a8f0b9ebbb6c57094c5229e0de76d15c79b76feff26aeb7b8"},
    {file = "rpds_py-0.10.0-pp310-pypy310_pp73-macosx_10_7_x86_64.whl", hash = "sha256:b1cb078f54af0abd835ca76f93a3152565b73be0f056264da45117d0adf5e99c"},
    {file = "rpds_py-0.10.0-pp310-pypy310_pp73-macosx_11_0_arm64.whl", hash = "sha256:8e7e2b3577e97fa43c2c2b12a16139b2cedbd0770235d5179c0412b4794efd9b"},
    {file = "rpds_py-0.10.0-pp310-pypy310_pp73-manylinux_2_17_aarch64.manylinux2014_aarch64.whl", hash = "sha256:ae46a50d235f1631d9ec4670503f7b30405103034830bc13df29fd947207f795"},
    {file = "rpds_py-0.10.0-pp310-pypy310_pp73-manylinux_2_17_armv7l.manylinux2014_armv7l.whl", hash = "sha256:f869e34d2326e417baee430ae998e91412cc8e7fdd83d979277a90a0e79a5b47"},
    {file = "rpds_py-0.10.0-pp310-pypy310_pp73-manylinux_2_17_ppc64le.manylinux2014_ppc64le.whl", hash = "sha256:3d544a614055b131111bed6edfa1cb0fb082a7265761bcb03321f2dd7b5c6c48"},
    {file = "rpds_py-0.10.0-pp310-pypy310_pp73-manylinux_2_17_s390x.manylinux2014_s390x.whl", hash = "sha256:ee9c2f6ca9774c2c24bbf7b23086264e6b5fa178201450535ec0859739e6f78d"},
    {file = "rpds_py-0.10.0-pp310-pypy310_pp73-manylinux_2_17_x86_64.manylinux2014_x86_64.whl", hash = "sha256:a2da4a8c6d465fde36cea7d54bf47b5cf089073452f0e47c8632ecb9dec23c07"},
    {file = "rpds_py-0.10.0-pp310-pypy310_pp73-manylinux_2_5_i686.manylinux1_i686.whl", hash = "sha256:ac00c41dd315d147b129976204839ca9de699d83519ff1272afbe4fb9d362d12"},
    {file = "rpds_py-0.10.0-pp310-pypy310_pp73-musllinux_1_2_aarch64.whl", hash = "sha256:0155c33af0676fc38e1107679be882077680ad1abb6303956b97259c3177e85e"},
    {file = "rpds_py-0.10.0-pp310-pypy310_pp73-musllinux_1_2_i686.whl", hash = "sha256:db6585b600b2e76e98131e0ac0e5195759082b51687ad0c94505970c90718f4a"},
    {file = "rpds_py-0.10.0-pp310-pypy310_pp73-musllinux_1_2_x86_64.whl", hash = "sha256:7b6975d3763d0952c111700c0634968419268e6bbc0b55fe71138987fa66f309"},
    {file = "rpds_py-0.10.0-pp38-pypy38_pp73-macosx_10_7_x86_64.whl", hash = "sha256:6388e4e95a26717b94a05ced084e19da4d92aca883f392dffcf8e48c8e221a24"},
    {file = "rpds_py-0.10.0-pp38-pypy38_pp73-macosx_11_0_arm64.whl", hash = "sha256:18f87baa20e02e9277ad8960cd89b63c79c05caf106f4c959a9595c43f2a34a5"},
    {file = "rpds_py-0.10.0-pp38-pypy38_pp73-manylinux_2_17_aarch64.manylinux2014_aarch64.whl", hash = "sha256:92f05fc7d832e970047662b3440b190d24ea04f8d3c760e33e7163b67308c878"},
    {file = "rpds_py-0.10.0-pp38-pypy38_pp73-manylinux_2_17_armv7l.manylinux2014_armv7l.whl", hash = "sha256:291c9ce3929a75b45ce8ddde2aa7694fc8449f2bc8f5bd93adf021efaae2d10b"},
    {file = "rpds_py-0.10.0-pp38-pypy38_pp73-manylinux_2_17_ppc64le.manylinux2014_ppc64le.whl", hash = "sha256:861d25ae0985a1dd5297fee35f476b60c6029e2e6e19847d5b4d0a43a390b696"},
    {file = "rpds_py-0.10.0-pp38-pypy38_pp73-manylinux_2_17_s390x.manylinux2014_s390x.whl", hash = "sha256:668d2b45d62c68c7a370ac3dce108ffda482b0a0f50abd8b4c604a813a59e08f"},
    {file = "rpds_py-0.10.0-pp38-pypy38_pp73-manylinux_2_17_x86_64.manylinux2014_x86_64.whl", hash = "sha256:344b89384c250ba6a4ce1786e04d01500e4dac0f4137ceebcaad12973c0ac0b3"},
    {file = "rpds_py-0.10.0-pp38-pypy38_pp73-manylinux_2_5_i686.manylinux1_i686.whl", hash = "sha256:885e023e73ce09b11b89ab91fc60f35d80878d2c19d6213a32b42ff36543c291"},
    {file = "rpds_py-0.10.0-pp38-pypy38_pp73-musllinux_1_2_aarch64.whl", hash = "sha256:841128a22e6ac04070a0f84776d07e9c38c4dcce8e28792a95e45fc621605517"},
    {file = "rpds_py-0.10.0-pp38-pypy38_pp73-musllinux_1_2_i686.whl", hash = "sha256:899b5e7e2d5a8bc92aa533c2d4e55e5ebba095c485568a5e4bedbc163421259a"},
    {file = "rpds_py-0.10.0-pp38-pypy38_pp73-musllinux_1_2_x86_64.whl", hash = "sha256:e7947d9a6264c727a556541b1630296bbd5d0a05068d21c38dde8e7a1c703ef0"},
    {file = "rpds_py-0.10.0-pp39-pypy39_pp73-macosx_10_7_x86_64.whl", hash = "sha256:4992266817169997854f81df7f6db7bdcda1609972d8ffd6919252f09ec3c0f6"},
    {file = "rpds_py-0.10.0-pp39-pypy39_pp73-macosx_11_0_arm64.whl", hash = "sha256:26d9fd624649a10e4610fab2bc820e215a184d193e47d0be7fe53c1c8f67f370"},
    {file = "rpds_py-0.10.0-pp39-pypy39_pp73-manylinux_2_17_aarch64.manylinux2014_aarch64.whl", hash = "sha256:0028eb0967942d0d2891eae700ae1a27b7fd18604cfcb16a1ef486a790fee99e"},
    {file = "rpds_py-0.10.0-pp39-pypy39_pp73-manylinux_2_17_armv7l.manylinux2014_armv7l.whl", hash = "sha256:f9e7e493ded7042712a374471203dd43ae3fff5b81e3de1a0513fa241af9fd41"},
    {file = "rpds_py-0.10.0-pp39-pypy39_pp73-manylinux_2_17_ppc64le.manylinux2014_ppc64le.whl", hash = "sha256:2d68a8e8a3a816629283faf82358d8c93fe5bd974dd2704152394a3de4cec22a"},
    {file = "rpds_py-0.10.0-pp39-pypy39_pp73-manylinux_2_17_s390x.manylinux2014_s390x.whl", hash = "sha256:d6d5f061f6a2aa55790b9e64a23dfd87b6664ab56e24cd06c78eb43986cb260b"},
    {file = "rpds_py-0.10.0-pp39-pypy39_pp73-manylinux_2_17_x86_64.manylinux2014_x86_64.whl", hash = "sha256:2c7c4266c1b61eb429e8aeb7d8ed6a3bfe6c890a1788b18dbec090c35c6b93fa"},
    {file = "rpds_py-0.10.0-pp39-pypy39_pp73-manylinux_2_5_i686.manylinux1_i686.whl", hash = "sha256:80772e3bda6787510d9620bc0c7572be404a922f8ccdfd436bf6c3778119464c"},
    {file = "rpds_py-0.10.0-pp39-pypy39_pp73-musllinux_1_2_aarch64.whl", hash = "sha256:b98e75b21fc2ba5285aef8efaf34131d16af1c38df36bdca2f50634bea2d3060"},
    {file = "rpds_py-0.10.0-pp39-pypy39_pp73-musllinux_1_2_i686.whl", hash = "sha256:d63787f289944cc4bde518ad2b5e70a4f0d6e2ce76324635359c74c113fd188f"},
    {file = "rpds_py-0.10.0-pp39-pypy39_pp73-musllinux_1_2_x86_64.whl", hash = "sha256:872f3dcaa8bf2245944861d7311179d2c0c9b2aaa7d3b464d99a7c2e401f01fa"},
    {file = "rpds_py-0.10.0.tar.gz", hash = "sha256:e36d7369363d2707d5f68950a64c4e025991eb0177db01ccb6aa6facae48b69f"},
]

[[package]]
name = "setuptools"
version = "68.1.2"
requires_python = ">=3.8"
summary = "Easily download, build, install, upgrade, and uninstall Python packages"
files = [
    {file = "setuptools-68.1.2-py3-none-any.whl", hash = "sha256:3d8083eed2d13afc9426f227b24fd1659489ec107c0e86cec2ffdde5c92e790b"},
    {file = "setuptools-68.1.2.tar.gz", hash = "sha256:3d4dfa6d95f1b101d695a6160a7626e15583af71a5f52176efa5d39a054d475d"},
]

[[package]]
name = "sqlparse"
version = "0.4.4"
requires_python = ">=3.5"
summary = "A non-validating SQL parser."
files = [
    {file = "sqlparse-0.4.4-py3-none-any.whl", hash = "sha256:5430a4fe2ac7d0f93e66f1efc6e1338a41884b7ddf2a350cedd20ccc4d9d28f3"},
    {file = "sqlparse-0.4.4.tar.gz", hash = "sha256:d446183e84b8349fa3061f0fe7f06ca94ba65b426946ffebe6e3e8295332420c"},
]

[[package]]
name = "typing-extensions"
version = "4.7.1"
requires_python = ">=3.7"
summary = "Backported and Experimental Type Hints for Python 3.7+"
files = [
    {file = "typing_extensions-4.7.1-py3-none-any.whl", hash = "sha256:440d5dd3af93b060174bf433bccd69b0babc3b15b1a8dca43789fd7f61514b36"},
    {file = "typing_extensions-4.7.1.tar.gz", hash = "sha256:b75ddc264f0ba5615db7ba217daeb99701ad295353c45f9e95963337ceeeffb2"},
]

[[package]]
name = "tzdata"
version = "2023.3"
requires_python = ">=2"
summary = "Provider of IANA time zone data"
files = [
    {file = "tzdata-2023.3-py2.py3-none-any.whl", hash = "sha256:7e65763eef3120314099b6939b5546db7adce1e7d6f2e179e3df563c70511eda"},
    {file = "tzdata-2023.3.tar.gz", hash = "sha256:11ef1e08e54acb0d4f95bdb1be05da659673de4acbd21bf9c69e94cc5e907a3a"},
]

[[package]]
name = "uritemplate"
version = "4.1.1"
requires_python = ">=3.6"
summary = "Implementation of RFC 6570 URI Templates"
files = [
    {file = "uritemplate-4.1.1-py2.py3-none-any.whl", hash = "sha256:830c08b8d99bdd312ea4ead05994a38e8936266f84b9a7878232db50b044e02e"},
    {file = "uritemplate-4.1.1.tar.gz", hash = "sha256:4346edfc5c3b79f694bccd6d6099a322bbeb628dbf2cd86eea55a456ce5124f0"},
]
